NeoBundleLock jellybeans.vim 0761708c890becd3e027551068e0ae272da003e0
NeoBundleLock molokai db8ce13b3737d3ddea8368498183d7c204a762eb
NeoBundleLock mustang-vim 6533d7d21bf27cae94d9c2caa575f627f003dfd5
NeoBundleLock neobundle.vim e4e6766e7bbcac9b7048ee247f02af9020b9df29
NeoBundleLock neosnippet-snippets 531e9ae877347f61eb06f0658410dd4fa60cc0d6
NeoBundleLock neosnippet.vim 811176b29b1a60a164c9878f8dcbe4a680ee32e5
NeoBundleLock open-browser.vim 4184376d06525f9b5fb7c08ce2a482e1d6acf645
NeoBundleLock previm f576d7dc2669af08a6b1c7b997eb65215359bb75
NeoBundleLock unite-colorscheme 3aa33866a183f7659594a3f6b66b2334eaebc6a0
NeoBundleLock unite.vim be014810a7a54b41a53e134404f2605f62a246f1
NeoBundleLock vim-colors-solarized 528a59f26d12278698bb946f8fb82a63711eec21
NeoBundleLock vim-hybrid 471b235306b94850a3c6b1d2d9e5203e9919c15e
NeoBundleLock vim-markdown 091091fdf8f1f7f42bf1a183eab100f923928841
NeoBundleLock vim-tomorrow-theme f45a2ca260d825b6aee72621f8f6158d815ac472
